
Microsoft Visual Studio Solution File, Format Version 12.00
# Visual Studio Version 17
VisualStudioVersion = 17.10.35122.118
MinimumVisualStudioVersion = 10.0.40219.1
Project("{9A19103F-16F7-4668-BE54-9A1E7A4F7556}") = "FAL", "FAL.csproj", "{262E4BC2-D409-44A7-913C-FDD1D5699888}"
EndProject
Project("{9A19103F-16F7-4668-BE54-9A1E7A4F7556}") = "Share", "..\Share\Share.csproj", "{41B6FA43-01AB-4B31-8314-798F47903944}"
EndProject
Project("{9A19103F-16F7-4668-BE54-9A1E7A4F7556}") = "FALClient", "..\FALClient\FALClient.csproj", "{C7F064FD-E222-47B4-8E7A-B0F7F14D7FA0}"
EndProject
Project("{9A19103F-16F7-4668-BE54-9A1E7A4F7556}") = "Alumniphase2.Lambda", "..\Alumniphase2.Lambda\Alumniphase2.Lambda.csproj", "{E8B666F4-8DC0-46A4-A8C6-976400D6217A}"
EndProject
Project("{9A19103F-16F7-4668-BE54-9A1E7A4F7556}") = "FALWebhook", "..\FALWebhook\FALWebhook.csproj", "{CAB54BCA-4461-42FC-876F-86883B0E95D8}"
EndProject
Project("{9A19103F-16F7-4668-BE54-9A1E7A4F7556}") = "DemoSendWebhook", "..\DemoSendWebhook\DemoSendWebhook.csproj", "{2E6BDCDB-7223-4304-8FE7-753069865E3F}"
EndProject
Project("{9A19103F-16F7-4668-BE54-9A1E7A4F7556}") = "Alumniphase2.Interface", "..\Alumniphase2.Interface\Alumniphase2.Interface.csproj", "{746EAC8C-6571-4F19-BC81-6BA79A9A43FD}"
EndProject
Project("{9A19103F-16F7-4668-BE54-9A1E7A4F7556}") = "Alumniphase2.Lambda.CompareFace", "..\Alumniphase2.Lambda.CompareFace\Alumniphase2.Lambda.CompareFace.csproj", "{06D86DC7-EDB9-49E2-8885-2E622BE6DCD2}"
EndProject
Project("{FAE04EC0-301F-11D3-BF4B-00C04F79EFBC}") = "FAL.FrontEnd", "..\FAL.FrontEnd\FAL.FrontEnd.csproj", "{C0612E3E-F586-40FC-A63F-155E6AE93286}"
EndProject
Global
	GlobalSection(SolutionConfigurationPlatforms) = preSolution
		Debug|Any CPU = Debug|Any CPU
		Release|Any CPU = Release|Any CPU
	EndGlobalSection
	GlobalSection(ProjectConfigurationPlatforms) = postSolution
		{262E4BC2-D409-44A7-913C-FDD1D5699888}.Debug|Any CPU.ActiveCfg = Debug|Any CPU
		{262E4BC2-D409-44A7-913C-FDD1D5699888}.Debug|Any CPU.Build.0 = Debug|Any CPU
		{262E4BC2-D409-44A7-913C-FDD1D5699888}.Release|Any CPU.ActiveCfg = Release|Any CPU
		{262E4BC2-D409-44A7-913C-FDD1D5699888}.Release|Any CPU.Build.0 = Release|Any CPU
		{41B6FA43-01AB-4B31-8314-798F47903944}.Debug|Any CPU.ActiveCfg = Debug|Any CPU
		{41B6FA43-01AB-4B31-8314-798F47903944}.Debug|Any CPU.Build.0 = Debug|Any CPU
		{41B6FA43-01AB-4B31-8314-798F47903944}.Release|Any CPU.ActiveCfg = Release|Any CPU
		{41B6FA43-01AB-4B31-8314-798F47903944}.Release|Any CPU.Build.0 = Release|Any CPU
		{C7F064FD-E222-47B4-8E7A-B0F7F14D7FA0}.Debug|Any CPU.ActiveCfg = Debug|Any CPU
		{C7F064FD-E222-47B4-8E7A-B0F7F14D7FA0}.Debug|Any CPU.Build.0 = Debug|Any CPU
		{C7F064FD-E222-47B4-8E7A-B0F7F14D7FA0}.Release|Any CPU.ActiveCfg = Release|Any CPU
		{C7F064FD-E222-47B4-8E7A-B0F7F14D7FA0}.Release|Any CPU.Build.0 = Release|Any CPU
		{E8B666F4-8DC0-46A4-A8C6-976400D6217A}.Debug|Any CPU.ActiveCfg = Debug|Any CPU
		{E8B666F4-8DC0-46A4-A8C6-976400D6217A}.Debug|Any CPU.Build.0 = Debug|Any CPU
		{E8B666F4-8DC0-46A4-A8C6-976400D6217A}.Release|Any CPU.ActiveCfg = Release|Any CPU
		{E8B666F4-8DC0-46A4-A8C6-976400D6217A}.Release|Any CPU.Build.0 = Release|Any CPU
		{CAB54BCA-4461-42FC-876F-86883B0E95D8}.Debug|Any CPU.ActiveCfg = Debug|Any CPU
		{CAB54BCA-4461-42FC-876F-86883B0E95D8}.Debug|Any CPU.Build.0 = Debug|Any CPU
		{CAB54BCA-4461-42FC-876F-86883B0E95D8}.Release|Any CPU.ActiveCfg = Release|Any CPU
		{CAB54BCA-4461-42FC-876F-86883B0E95D8}.Release|Any CPU.Build.0 = Release|Any CPU
		{2E6BDCDB-7223-4304-8FE7-753069865E3F}.Debug|Any CPU.ActiveCfg = Debug|Any CPU
		{2E6BDCDB-7223-4304-8FE7-753069865E3F}.Debug|Any CPU.Build.0 = Debug|Any CPU
		{2E6BDCDB-7223-4304-8FE7-753069865E3F}.Release|Any CPU.ActiveCfg = Release|Any CPU
		{2E6BDCDB-7223-4304-8FE7-753069865E3F}.Release|Any CPU.Build.0 = Release|Any CPU
		{746EAC8C-6571-4F19-BC81-6BA79A9A43FD}.Debug|Any CPU.ActiveCfg = Debug|Any CPU
		{746EAC8C-6571-4F19-BC81-6BA79A9A43FD}.Debug|Any CPU.Build.0 = Debug|Any CPU
		{746EAC8C-6571-4F19-BC81-6BA79A9A43FD}.Release|Any CPU.ActiveCfg = Release|Any CPU
		{746EAC8C-6571-4F19-BC81-6BA79A9A43FD}.Release|Any CPU.Build.0 = Release|Any CPU
		{06D86DC7-EDB9-49E2-8885-2E622BE6DCD2}.Debug|Any CPU.ActiveCfg = Debug|Any CPU
		{06D86DC7-EDB9-49E2-8885-2E622BE6DCD2}.Debug|Any CPU.Build.0 = Debug|Any CPU
		{06D86DC7-EDB9-49E2-8885-2E622BE6DCD2}.Release|Any CPU.ActiveCfg = Release|Any CPU
		{06D86DC7-EDB9-49E2-8885-2E622BE6DCD2}.Release|Any CPU.Build.0 = Release|Any CPU
		{C0612E3E-F586-40FC-A63F-155E6AE93286}.Debug|Any CPU.ActiveCfg = Debug|Any CPU
		{C0612E3E-F586-40FC-A63F-155E6AE93286}.Debug|Any CPU.Build.0 = Debug|Any CPU
		{C0612E3E-F586-40FC-A63F-155E6AE93286}.Release|Any CPU.ActiveCfg = Release|Any CPU
		{C0612E3E-F586-40FC-A63F-155E6AE93286}.Release|Any CPU.Build.0 = Release|Any CPU
	EndGlobalSection
	GlobalSection(SolutionProperties) = preSolution
		HideSolutionNode = FALSE
	EndGlobalSection
	GlobalSection(ExtensibilityGlobals) = postSolution
		SolutionGuid = {F341FFA2-3BA8-4710-8872-0D189760FC80}
	EndGlobalSection
EndGlobal
